
Microsoft Visual Studio Solution File, Format Version 12.00
# Visual Studio 2013
VisualStudioVersion = 12.0.40629.0
MinimumVisualStudioVersion = 10.0.40219.1
Project("{FAE04EC0-301F-11D3-BF4B-00C04F79EFBC}") = "PackageDependencyCheckerApp", "PackageDependencyCheckerApp\PackageDependencyCheckerApp.csproj", "{BBE60AAD-6E28-4ADD-9D89-63CA2D872AA5}"
EndProject
Project("{FAE04EC0-301F-11D3-BF4B-00C04F79EFBC}") = "PackageDependencyCheckerApp.Tests", "PackageDependencyCheckerApp.Tests\PackageDependencyCheckerApp.Tests.csproj", "{17AC9676-688E-456F-AC00-49D19F52C26E}"
EndProject
Global
	GlobalSection(SolutionConfigurationPlatforms) = preSolution
		Debug|Any CPU = Debug|Any CPU
		Release|Any CPU = Release|Any CPU
	EndGlobalSection
	GlobalSection(ProjectConfigurationPlatforms) = postSolution
		{BBE60AAD-6E28-4ADD-9D89-63CA2D872AA5}.Debug|Any CPU.ActiveCfg = Debug|Any CPU
		{BBE60AAD-6E28-4ADD-9D89-63CA2D872AA5}.Debug|Any CPU.Build.0 = Debug|Any CPU
		{BBE60AAD-6E28-4ADD-9D89-63CA2D872AA5}.Release|Any CPU.ActiveCfg = Release|Any CPU
		{BBE60AAD-6E28-4ADD-9D89-63CA2D872AA5}.Release|Any CPU.Build.0 = Release|Any CPU
		{17AC9676-688E-456F-AC00-49D19F52C26E}.Debug|Any CPU.ActiveCfg = Debug|Any CPU
		{17AC9676-688E-456F-AC00-49D19F52C26E}.Debug|Any CPU.Build.0 = Debug|Any CPU
		{17AC9676-688E-456F-AC00-49D19F52C26E}.Release|Any CPU.ActiveCfg = Release|Any CPU
		{17AC9676-688E-456F-AC00-49D19F52C26E}.Release|Any CPU.Build.0 = Release|Any CPU
	EndGlobalSection
	GlobalSection(SolutionProperties) = preSolution
		HideSolutionNode = FALSE
	EndGlobalSection
EndGlobal
